
Microsoft Visual Studio Solution File, Format Version 12.00
# Visual Studio 15
VisualStudioVersion = 15.0.27428.2037
MinimumVisualStudioVersion = 10.0.40219.1
Project("{FAE04EC0-301F-11D3-BF4B-00C04F79EFBC}") = "VogtPara", "VogtPara\VogtPara.csproj", "{93F44858-CE0B-4EA6-B8D7-A7B2557C58F2}"
EndProject
Global
	GlobalSection(SolutionConfigurationPlatforms) = preSolution
		Debug|Any CPU = Debug|Any CPU
		Release|Any CPU = Release|Any CPU
	EndGlobalSection
	GlobalSection(ProjectConfigurationPlatforms) = postSolution
		{93F44858-CE0B-4EA6-B8D7-A7B2557C58F2}.Debug|Any CPU.ActiveCfg = Debug|Any CPU
		{93F44858-CE0B-4EA6-B8D7-A7B2557C58F2}.Debug|Any CPU.Build.0 = Debug|Any CPU
		{93F44858-CE0B-4EA6-B8D7-A7B2557C58F2}.Release|Any CPU.ActiveCfg = Release|Any CPU
		{93F44858-CE0B-4EA6-B8D7-A7B2557C58F2}.Release|Any CPU.Build.0 = Release|Any CPU
	EndGlobalSection
	GlobalSection(SolutionProperties) = preSolution
		HideSolutionNode = FALSE
	EndGlobalSection
	GlobalSection(ExtensibilityGlobals) = postSolution
		SolutionGuid = {DDC2988A-9734-4EE3-8BDB-3135D564A143}
	EndGlobalSection
EndGlobal
